
Microsoft Visual Studio Solution File, Format Version 12.00
# Visual Studio 15
Project("{FAE04EC0-301F-11D3-BF4B-00C04F79EFBC}") = "Assembly-CSharp", "Assembly-CSharp.csproj", "{1B318289-1176-69B5-4E45-0B58A9C82151}"
EndProject
Project("{FAE04EC0-301F-11D3-BF4B-00C04F79EFBC}") = "Assembly-CSharp-firstpass", "Assembly-CSharp-firstpass.csproj", "{43AAAADF-6E9E-4E5E-F8A8-FDB899498BA0}"
EndProject
Project("{FAE04EC0-301F-11D3-BF4B-00C04F79EFBC}") = "Assembly-CSharp-Editor-firstpass", "Assembly-CSharp-Editor-firstpass.csproj", "{BBFA9D49-4090-02AE-37FD-7AC0F39E878A}"
EndProject
Project("{FAE04EC0-301F-11D3-BF4B-00C04F79EFBC}") = "Assembly-CSharp-Editor", "Assembly-CSharp-Editor.csproj", "{989B10C9-B438-783B-F34D-BEB50F737216}"
EndProject
Global
	GlobalSection(SolutionConfigurationPlatforms) = preSolution
		Debug|Any CPU = Debug|Any CPU
		Release|Any CPU = Release|Any CPU
	EndGlobalSection
	GlobalSection(ProjectConfigurationPlatforms) = postSolution
		{1B318289-1176-69B5-4E45-0B58A9C82151}.Debug|Any CPU.ActiveCfg = Debug|Any CPU
		{1B318289-1176-69B5-4E45-0B58A9C82151}.Debug|Any CPU.Build.0 = Debug|Any CPU
		{1B318289-1176-69B5-4E45-0B58A9C82151}.Release|Any CPU.ActiveCfg = Release|Any CPU
		{1B318289-1176-69B5-4E45-0B58A9C82151}.Release|Any CPU.Build.0 = Release|Any CPU
		{43AAAADF-6E9E-4E5E-F8A8-FDB899498BA0}.Debug|Any CPU.ActiveCfg = Debug|Any CPU
		{43AAAADF-6E9E-4E5E-F8A8-FDB899498BA0}.Debug|Any CPU.Build.0 = Debug|Any CPU
		{43AAAADF-6E9E-4E5E-F8A8-FDB899498BA0}.Release|Any CPU.ActiveCfg = Release|Any CPU
		{43AAAADF-6E9E-4E5E-F8A8-FDB899498BA0}.Release|Any CPU.Build.0 = Release|Any CPU
		{BBFA9D49-4090-02AE-37FD-7AC0F39E878A}.Debug|Any CPU.ActiveCfg = Debug|Any CPU
		{BBFA9D49-4090-02AE-37FD-7AC0F39E878A}.Debug|Any CPU.Build.0 = Debug|Any CPU
		{BBFA9D49-4090-02AE-37FD-7AC0F39E878A}.Release|Any CPU.ActiveCfg = Release|Any CPU
		{BBFA9D49-4090-02AE-37FD-7AC0F39E878A}.Release|Any CPU.Build.0 = Release|Any CPU
		{989B10C9-B438-783B-F34D-BEB50F737216}.Debug|Any CPU.ActiveCfg = Debug|Any CPU
		{989B10C9-B438-783B-F34D-BEB50F737216}.Debug|Any CPU.Build.0 = Debug|Any CPU
		{989B10C9-B438-783B-F34D-BEB50F737216}.Release|Any CPU.ActiveCfg = Release|Any CPU
		{989B10C9-B438-783B-F34D-BEB50F737216}.Release|Any CPU.Build.0 = Release|Any CPU
	EndGlobalSection
	GlobalSection(SolutionProperties) = preSolution
		HideSolutionNode = FALSE
	EndGlobalSection
EndGlobal
